
Microsoft Visual Studio Solution File, Format Version 12.00
Project("{FAE04EC0-301F-11D3-BF4B-00C04F79EFBC}") = "CalifornianHealthLib", "CalifornianHealthLib.csproj", "{715CF493-74B2-40F2-B953-DE837C7788AE}"
EndProject
Global
	GlobalSection(SolutionConfigurationPlatforms) = preSolution
		Debug|Any CPU = Debug|Any CPU
		Release|Any CPU = Release|Any CPU
	EndGlobalSection
	GlobalSection(ProjectConfigurationPlatforms) = postSolution
		{715CF493-74B2-40F2-B953-DE837C7788AE}.Debug|Any CPU.ActiveCfg = Debug|Any CPU
		{715CF493-74B2-40F2-B953-DE837C7788AE}.Debug|Any CPU.Build.0 = Debug|Any CPU
		{715CF493-74B2-40F2-B953-DE837C7788AE}.Release|Any CPU.ActiveCfg = Release|Any CPU
		{715CF493-74B2-40F2-B953-DE837C7788AE}.Release|Any CPU.Build.0 = Release|Any CPU
	EndGlobalSection
EndGlobal
